// !$*UTF8*$!
{
	archiveVersion = 1;
	classes = {
	};
	objectVersion = 50;
	objects = {

/* Begin PBXBuildFile section */
		43C84EAE217689670014960E /* gameMain.c in Sources */ = {isa = PBXBuildFile; fileRef = 43C84EA8217689670014960E /* gameMain.c */; };
		43C84EAF217689670014960E /* Makefile in Sources */ = {isa = PBXBuildFile; fileRef = 43C84EA9217689670014960E /* Makefile */; };
		43C84EB0217689670014960E /* countOust.c in Sources */ = {isa = PBXBuildFile; fileRef = 43C84EAB217689670014960E /* countOust.c */; };
		43C84EB1217689670014960E /* drLinkedList.c in Sources */ = {isa = PBXBuildFile; fileRef = 43C84EAC217689670014960E /* drLinkedList.c */; };
/* End PBXBuildFile section */

/* Begin PBXCopyFilesBuildPhase section */
		4380DD95216FF0A8004A88D2 /* CopyFiles */ = {
			isa = PBXCopyFilesBuildPhase;
			buildActionMask = 2147483647;
			dstPath = /usr/share/man/man1/;
			dstSubfolderSpec = 0;
			files = (
			);
			runOnlyForDeploymentPostprocessing = 1;
		};
/* End PBXCopyFilesBuildPhase section */

/* Begin PBXFileReference section */
		4380DD97216FF0A8004A88D2 /* Count-to-Oust */ = {isa = PBXFileReference; explicitFileType = "compiled.mach-o.executable"; includeInIndex = 0; path = "Count-to-Oust"; sourceTree = BUILT_PRODUCTS_DIR; };
		43C84EA8217689670014960E /* gameMain.c */ = {isa = PBXFileReference; fileEncoding = 4; lastKnownFileType = sourcecode.c.c; path = gameMain.c; sourceTree = "<group>"; };
		43C84EA9217689670014960E /* Makefile */ = {isa = PBXFileReference; fileEncoding = 4; lastKnownFileType = sourcecode.make; path = Makefile; sourceTree = "<group>"; };
		43C84EAA217689670014960E /* countOust.h */ = {isa = PBXFileReference; fileEncoding = 4; lastKnownFileType = sourcecode.c.h; path = countOust.h; sourceTree = "<group>"; };
		43C84EAB217689670014960E /* countOust.c */ = {isa = PBXFileReference; fileEncoding = 4; lastKnownFileType = sourcecode.c.c; path = countOust.c; sourceTree = "<group>"; };
		43C84EAC217689670014960E /* drLinkedList.c */ = {isa = PBXFileReference; fileEncoding = 4; lastKnownFileType = sourcecode.c.c; path = drLinkedList.c; sourceTree = "<group>"; };
		43C84EAD217689670014960E /* drLinkedList.h */ = {isa = PBXFileReference; fileEncoding = 4; lastKnownFileType = sourcecode.c.h; path = drLinkedList.h; sourceTree = "<group>"; };
/* End PBXFileReference section */

/* Begin PBXFrameworksBuildPhase section */
		4380DD94216FF0A8004A88D2 /* Frameworks */ = {
			isa = PBXFrameworksBuildPhase;
			buildActionMask = 2147483647;
			files = (
			);
			runOnlyForDeploymentPostprocessing = 0;
		};
/* End PBXFrameworksBuildPhase section */

/* Begin PBXGroup section */
		4380DD8E216FF0A8004A88D2 = {
			isa = PBXGroup;
			children = (
				4380DD99216FF0A8004A88D2 /* Count-to-Oust */,
				4380DD98216FF0A8004A88D2 /* Products */,
			);
			sourceTree = "<group>";
		};
		4380DD98216FF0A8004A88D2 /* Products */ = {
			isa = PBXGroup;
			children = (
				4380DD97216FF0A8004A88D2 /* Count-to-Oust */,
			);
			name = Products;
			sourceTree = "<group>";
		};
		4380DD99216FF0A8004A88D2 /* Count-to-Oust */ = {
			isa = PBXGroup;
			children = (
				43C84EAB217689670014960E /* countOust.c */,
				43C84EAA217689670014960E /* countOust.h */,
				43C84EAC217689670014960E /* drLinkedList.c */,
				43C84EAD217689670014960E /* drLinkedList.h */,
				43C84EA8217689670014960E /* gameMain.c */,
				43C84EA9217689670014960E /* Makefile */,
			);
			path = "Count-to-Oust";
			sourceTree = "<group>";
		};
/* End PBXGroup section */

/* Begin PBXNativeTarget section */
		4380DD96216FF0A8004A88D2 /* Count-to-Oust */ = {
			isa = PBXNativeTarget;
			buildConfigurationList = 4380DD9E216FF0A8004A88D2 /* Build configuration list for PBXNativeTarget "Count-to-Oust" */;
			buildPhases = (
				4380DD93216FF0A8004A88D2 /* Sources */,
				4380DD94216FF0A8004A88D2 /* Frameworks */,
				4380DD95216FF0A8004A88D2 /* CopyFiles */,
			);
			buildRules = (
			);
			dependencies = (
			);
			name = "Count-to-Oust";
			productName = "Count-to-Oust";
			productReference = 4380DD97216FF0A8004A88D2 /* Count-to-Oust */;
			productType = "com.apple.product-type.tool";
		};
/* End PBXNativeTarget section */

/* Begin PBXProject section */
		4380DD8F216FF0A8004A88D2 /* Project object */ = {
			isa = PBXProject;
			attributes = {
				LastUpgradeCheck = 1000;
				ORGANIZATIONNAME = Dirk;
				TargetAttributes = {
					4380DD96216FF0A8004A88D2 = {
						CreatedOnToolsVersion = 10.0;
					};
				};
			};
			buildConfigurationList = 4380DD92216FF0A8004A88D2 /* Build configuration list for PBXProject "Count-to-Oust" */;
			compatibilityVersion = "Xcode 9.3";
			developmentRegion = en;
			hasScannedForEncodings = 0;
			knownRegions = (
				en,
			);
			mainGroup = 4380DD8E216FF0A8004A88D2;
			productRefGroup = 4380DD98216FF0A8004A88D2 /* Products */;
			projectDirPath = "";
			projectRoot = "";
			targets = (
				4380DD96216FF0A8004A88D2 /* Count-to-Oust */,
			);
		};
/* End PBXProject section */

/* Begin PBXSourcesBuildPhase section */
		4380DD93216FF0A8004A88D2 /* Sources */ = {
			isa = PBXSourcesBuildPhase;
			buildActionMask = 2147483647;
			files = (
				43C84EB1217689670014960E /* drLinkedList.c in Sources */,
				43C84EB0217689670014960E /* countOust.c in Sources */,
				43C84EAF217689670014960E /* Makefile in Sources */,
				43C84EAE217689670014960E /* gameMain.c in Sources */,
			);
			runOnlyForDeploymentPostprocessing = 0;
		};
/* End PBXSourcesBuildPhase section */

/* Begin XCBuildConfiguration section */
		4380DD9C216FF0A8004A88D2 /* Debug */ = {
			isa = XCBuildConfiguration;
			buildSettings = {
				ALWAYS_SEARCH_USER_PATHS = NO;
				CLANG_ANALYZER_NONNULL = YES;
				CLANG_ANALYZER_NUMBER_OBJECT_CONVERSION = YES_AGGRESSIVE;
				CLANG_CXX_LANGUAGE_STANDARD = "gnu++14";
				CLANG_CXX_LIBRARY = "libc++";
				CLANG_ENABLE_MODULES = YES;
				CLANG_ENABLE_OBJC_ARC = YES;
				CLANG_ENABLE_OBJC_WEAK = YES;
				CLANG_WARN_BLOCK_CAPTURE_AUTORELEASING = YES;
				CLANG_WARN_BOOL_CONVERSION = YES;
				CLANG_WARN_COMMA = YES;
				CLANG_WARN_CONSTANT_CONVERSION = YES;
				CLANG_WARN_DEPRECATED_OBJC_IMPLEMENTATIONS = YES;
				CLANG_WARN_DIRECT_OBJC_ISA_USAGE = YES_ERROR;
				CLANG_WARN_DOCUMENTATION_COMMENTS = YES;
				CLANG_WARN_EMPTY_BODY = YES;
				CLANG_WARN_ENUM_CONVERSION = YES;
				CLANG_WARN_INFINITE_RECURSION = YES;
				CLANG_WARN_INT_CONVERSION = YES;
				CLANG_WARN_NON_LITERAL_NULL_CONVERSION = YES;
				CLANG_WARN_OBJC_IMPLICIT_RETAIN_SELF = YES;
				CLANG_WARN_OBJC_LITERAL_CONVERSION = YES;
				CLANG_WARN_OBJC_ROOT_CLASS = YES_ERROR;
				CLANG_WARN_RANGE_LOOP_ANALYSIS = YES;
				CLANG_WARN_STRICT_PROTOTYPES = YES;
				CLANG_WARN_SUSPICIOUS_MOVE = YES;
				CLANG_WARN_UNGUARDED_AVAILABILITY = YES_AGGRESSIVE;
				CLANG_WARN_UNREACHABLE_CODE = YES;
				CLANG_WARN__DUPLICATE_METHOD_MATCH = YES;
				CODE_SIGN_IDENTITY = "Mac Developer";
				COPY_PHASE_STRIP = NO;
				DEBUG_INFORMATION_FORMAT = dwarf;
				ENABLE_STRICT_OBJC_MSGSEND = YES;
				ENABLE_TESTABILITY = YES;
				GCC_C_LANGUAGE_STANDARD = gnu11;
				GCC_DYNAMIC_NO_PIC = NO;
				GCC_NO_COMMON_BLOCKS = YES;
				GCC_OPTIMIZATION_LEVEL = 0;
				GCC_PREPROCESSOR_DEFINITIONS = (
					"DEBUG=1",
					"$(inherited)",
				);
				GCC_WARN_64_TO_32_BIT_CONVERSION = YES;
				GCC_WARN_ABOUT_RETURN_TYPE = YES_ERROR;
				GCC_WARN_UNDECLARED_SELECTOR = YES;
				GCC_WARN_UNINITIALIZED_AUTOS = YES_AGGRESSIVE;
				GCC_WARN_UNUSED_FUNCTION = YES;
				GCC_WARN_UNUSED_VARIABLE = YES;
				MACOSX_DEPLOYMENT_TARGET = 10.14;
				MTL_ENABLE_DEBUG_INFO = INCLUDE_SOURCE;
				MTL_FAST_MATH = YES;
				ONLY_ACTIVE_ARCH = YES;
				SDKROOT = macosx;
			};
			name = Debug;
		};
		4380DD9D216FF0A8004A88D2 /* Release */ = {
			isa = XCBuildConfiguration;
			buildSettings = {
				ALWAYS_SEARCH_USER_PATHS = NO;
				CLANG_ANALYZER_NONNULL = YES;
				CLANG_ANALYZER_NUMBER_OBJECT_CONVERSION = YES_AGGRESSIVE;
				CLANG_CXX_LANGUAGE_STANDARD = "gnu++14";
				CLANG_CXX_LIBRARY = "libc++";
				CLANG_ENABLE_MODULES = YES;
				CLANG_ENABLE_OBJC_ARC = YES;
				CLANG_ENABLE_OBJC_WEAK = YES;
				CLANG_WARN_BLOCK_CAPTURE_AUTORELEASING = YES;
				CLANG_WARN_BOOL_CONVERSION = YES;
				CLANG_WARN_COMMA = YES;
				CLANG_WARN_CONSTANT_CONVERSION = YES;
				CLANG_WARN_DEPRECATED_OBJC_IMPLEMENTATIONS = YES;
				CLANG_WARN_DIRECT_OBJC_ISA_USAGE = YES_ERROR;
				CLANG_WARN_DOCUMENTATION_COMMENTS = YES;
				CLANG_WARN_EMPTY_BODY = YES;
				CLANG_WARN_ENUM_CONVERSION = YES;
				CLANG_WARN_INFINITE_RECURSION = YES;
				CLANG_WARN_INT_CONVERSION = YES;
				CLANG_WARN_NON_LITERAL_NULL_CONVERSION = YES;
				CLANG_WARN_OBJC_IMPLICIT_RETAIN_SELF = YES;
				CLANG_WARN_OBJC_LITERAL_CONVERSION = YES;
				CLANG_WARN_OBJC_ROOT_CLASS = YES_ERROR;
				CLANG_WARN_RANGE_LOOP_ANALYSIS = YES;
				CLANG_WARN_STRICT_PROTOTYPES = YES;
				CLANG_WARN_SUSPICIOUS_MOVE = YES;
				CLANG_WARN_UNGUARDED_AVAILABILITY = YES_AGGRESSIVE;
				CLANG_WARN_UNREACHABLE_CODE = YES;
				CLANG_WARN__DUPLICATE_METHOD_MATCH = YES;
				CODE_SIGN_IDENTITY = "Mac Developer";
				COPY_PHASE_STRIP = NO;
				DEBUG_INFORMATION_FORMAT = "dwarf-with-dsym";
				ENABLE_NS_ASSERTIONS = NO;
				ENABLE_STRICT_OBJC_MSGSEND = YES;
				GCC_C_LANGUAGE_STANDARD = gnu11;
				GCC_NO_COMMON_BLOCKS = YES;
				GCC_WARN_64_TO_32_BIT_CONVERSION = YES;
				GCC_WARN_ABOUT_RETURN_TYPE = YES_ERROR;
				GCC_WARN_UNDECLARED_SELECTOR = YES;
				GCC_WARN_UNINITIALIZED_AUTOS = YES_AGGRESSIVE;
				GCC_WARN_UNUSED_FUNCTION = YES;
				GCC_WARN_UNUSED_VARIABLE = YES;
				MACOSX_DEPLOYMENT_TARGET = 10.14;
				MTL_ENABLE_DEBUG_INFO = NO;
				MTL_FAST_MATH = YES;
				SDKROOT = macosx;
			};
			name = Release;
		};
		4380DD9F216FF0A8004A88D2 /* Debug */ = {
			isa = XCBuildConfiguration;
			buildSettings = {
				CODE_SIGN_STYLE = Automatic;
				DEVELOPMENT_TEAM = 8J7HZPMJ4B;
				PRODUCT_NAME = "$(TARGET_NAME)";
			};
			name = Debug;
		};
		4380DDA0216FF0A8004A88D2 /* Release */ = {
			isa = XCBuildConfiguration;
			buildSettings = {
				CODE_SIGN_STYLE = Automatic;
				DEVELOPMENT_TEAM = 8J7HZPMJ4B;
				PRODUCT_NAME = "$(TARGET_NAME)";
			};
			name = Release;
		};
/* End XCBuildConfiguration section */

/* Begin XCConfigurationList section */
		4380DD92216FF0A8004A88D2 /* Build configuration list for PBXProject "Count-to-Oust" */ = {
			isa = XCConfigurationList;
			buildConfigurations = (
				4380DD9C216FF0A8004A88D2 /* Debug */,
				4380DD9D216FF0A8004A88D2 /* Release */,
			);
			defaultConfigurationIsVisible = 0;
			defaultConfigurationName = Release;
		};
		4380DD9E216FF0A8004A88D2 /* Build configuration list for PBXNativeTarget "Count-to-Oust" */ = {
			isa = XCConfigurationList;
			buildConfigurations = (
				4380DD9F216FF0A8004A88D2 /* Debug */,
				4380DDA0216FF0A8004A88D2 /* Release */,
			);
			defaultConfigurationIsVisible = 0;
			defaultConfigurationName = Release;
		};
/* End XCConfigurationList section */
	};
	rootObject = 4380DD8F216FF0A8004A88D2 /* Project object */;
}
